<?xml version="1.0" encoding="utf-8"?>
<Project ToolsVersion="4.0" xmlns="http://schemas.microsoft.com/developer/msbuild/2003">
  <ItemGroup>
    <Filter Include="Resource Files">
      <UniqueIdentifier>{E3C7C0C9-4B15-4E5C-8F55-BA0C6C4E9AC8}</UniqueIdentifier>
      <Extensions>rc;ico;cur;bmp;dlg;rc2;rct;bin;rgs;gif;jpg;jpeg;jpe;resx;tiff;tif;png;wav;mfcribbon-ms</Extensions>
    </Filter>
    <Filter Include="Classes">
      <UniqueIdentifier>{3C8B3C18-1E9E-4D74-8EB8-76D6E6D2E4B7}</UniqueIdentifier>
    </Filter>
    <Filter Include="Classes\Scenes">
      <UniqueIdentifier>{6C7E12C4-5F2E-4E2E-9B1B-9D2C77EAA4B9}</UniqueIdentifier>
    </Filter>
    <Filter Include="Classes\Controllers">
      <UniqueIdentifier>{4E0B1D2F-7A6A-4B1E-8F9B-1B8E83C5AF42}</UniqueIdentifier>
    </Filter>
    <Filter Include="Classes\Controllers\Input">
      <UniqueIdentifier>{0F7B6F5A-7E2E-4D8E-8A0E-98B6F894C0A1}</UniqueIdentifier>
    </Filter>
    <Filter Include="Classes\Controllers\UI">
      <UniqueIdentifier>{B1C6D4A9-33AF-4C4A-9B9A-7A0F2F5F3E2D}</UniqueIdentifier>
    </Filter>
    <Filter Include="Classes\Controllers\Map">
      <UniqueIdentifier>{9E2D7F50-5BA2-41C1-A34C-6D3C7F8A1B2C}</UniqueIdentifier>
    </Filter>
    <Filter Include="Classes\Controllers\Systems">
      <UniqueIdentifier>{7A4F9C11-1C34-4C0E-9E6E-4B2D8F3A7C1D}</UniqueIdentifier>
    </Filter>
    <Filter Include="Classes\Controllers\Interact">
      <UniqueIdentifier>{C2D7A3B4-5E6F-4DA8-9B21-4A7F6C2D1E3F}</UniqueIdentifier>
    </Filter>
    <Filter Include="Classes\Controllers\Environment">
      <UniqueIdentifier>{A7B3D9E1-4C2A-4FE1-8E3D-5B1C7A9D3F2E}</UniqueIdentifier>
    </Filter>
    <Filter Include="Classes\Game">
      <UniqueIdentifier>{B2D8E2E1-3A23-4F47-8E39-1E7B91B2C83F}</UniqueIdentifier>
    </Filter>
    <Filter Include="Classes\Game\View">
      <UniqueIdentifier>{E3A9C7B1-6D2A-4C13-9E71-2A6F4C9D8B7A}</UniqueIdentifier>
    </Filter>
    <Filter Include="proj.win32">
      <UniqueIdentifier>{9D3B8242-29C4-4F3C-9B0E-9A7E2E8B3F56}</UniqueIdentifier>
    </Filter>
    <Filter Include="Classes\Game\Tool">
      <UniqueIdentifier>{dac7a4a0-c781-4948-85d5-b649c03cec5d}</UniqueIdentifier>
    </Filter>
    <Filter Include="Classes\Game\Seed">
      <UniqueIdentifier>{2dba554c-c342-4fb1-9887-244f9e440a69}</UniqueIdentifier>
    </Filter>
    <Filter Include="Classes\Game\Crop">
      <UniqueIdentifier>{a9298139-5ead-471e-922c-b597b4c31cbc}</UniqueIdentifier>
    </Filter>
    <Filter Include="Classes\Game\Vegetable">
      <UniqueIdentifier>{e631b5bc-4b8c-4254-9de5-06bdebc3808f}</UniqueIdentifier>
    </Filter>
    <Filter Include="Classes\Game\Map">
      <UniqueIdentifier>{580f6630-072e-4d6a-8c93-f93c37bdbb37}</UniqueIdentifier>
    </Filter>
    <Filter Include="Classes\Game\Animals">
      <UniqueIdentifier>{25582af3-0273-4778-93a4-46599db44ab8}</UniqueIdentifier>
    </Filter>
    <Filter Include="Classes\Game\SkillTree">
      <UniqueIdentifier>{c1b3f6df-2c4e-4d8e-9b10-0d6e0a1b3d62}</UniqueIdentifier>
    </Filter>
    <Filter Include="Classes\Controllers\Audio">
      <UniqueIdentifier>{97173fcc-cfa9-4362-b4c6-ace5890cf9e5}</UniqueIdentifier>
    </Filter>
    <Filter Include="Classes\Controllers\Store">
      <UniqueIdentifier>{5de484e6-c459-41cc-9c5e-40d1a35bb643}</UniqueIdentifier>
    </Filter>
    <Filter Include="Classes\Controllers\NPC">
      <UniqueIdentifier>{bdee579c-ac1c-4361-bab4-9723646692e9}</UniqueIdentifier>
    </Filter>
    <Filter Include="Classes\Game\NPC">
      <UniqueIdentifier>{a80b0a1b-bf87-472e-a314-5dbbf0b1f14f}</UniqueIdentifier>
    </Filter>
    <Filter Include="Classes\Game\Save">
      <UniqueIdentifier>{ec978dea-64a7-422e-911a-bf6acdc65b08}</UniqueIdentifier>
    </Filter>
    <Filter Include="Classes\Controllers\Mine">
      <UniqueIdentifier>{2795bbf6-7b99-4df7-a34c-f8c9c2d900c6}</UniqueIdentifier>
    </Filter>
  </ItemGroup>
  <ItemGroup>
    <!-- Source Files -->
    <ClCompile Include="..\Classes\AppDelegate.cpp">
      <Filter>Classes</Filter>
    </ClCompile>
    <ClCompile Include="..\Classes\HelloWorldScene.cpp">
      <Filter>Classes</Filter>
    </ClCompile>
    <ClCompile Include="..\Classes\Scenes\CustomizationScene.cpp">
      <Filter>Classes\Scenes</Filter>
    </ClCompile>
    <ClCompile Include="..\Classes\Scenes\SplashScene.cpp">
      <Filter>Classes\Scenes</Filter>
    </ClCompile>
    <ClCompile Include="..\Classes\Scenes\MainMenuScene.cpp">
      <Filter>Classes\Scenes</Filter>
    </ClCompile>
    <ClCompile Include="..\Classes\Scenes\SceneBase.cpp">
      <Filter>Classes\Scenes</Filter>
    </ClCompile>
    <ClCompile Include="..\Classes\Scenes\MineScene.cpp">
      <Filter>Classes\Scenes</Filter>
    </ClCompile>
    <ClCompile Include="..\Classes\Controllers\Map\MineMapController.cpp">
      <Filter>Classes\Controllers\Map</Filter>
    </ClCompile>
    <ClCompile Include="..\Classes\Controllers\Interact\MineInteractor.cpp">
      <Filter>Classes\Controllers\Interact</Filter>
    </ClCompile>
    <ClCompile Include="..\Classes\Scenes\RoomScene.cpp">
      <Filter>Classes\Scenes</Filter>
    </ClCompile>
    <ClCompile Include="..\Classes\Game\WorldState.cpp">
      <Filter>Classes\Game</Filter>
    </ClCompile>
    <ClCompile Include="..\Classes\Game\Inventory.cpp">
      <Filter>Classes\Game</Filter>
    </ClCompile>
    <!-- Controllers -->
    <ClCompile Include="..\Classes\Controllers\Input\PlayerController.cpp">
      <Filter>Classes\Controllers\Input</Filter>
    </ClCompile>
    <ClCompile Include="..\Classes\Controllers\Map\FarmMapController.cpp">
      <Filter>Classes\Controllers\Map</Filter>
    </ClCompile>
    <ClCompile Include="..\Classes\Controllers\Map\RoomMapController.cpp">
      <Filter>Classes\Controllers\Map</Filter>
    </ClCompile>
    <ClCompile Include="..\Classes\Controllers\UI\UIController.cpp">
      <Filter>Classes\Controllers\UI</Filter>
    </ClCompile>
    <ClCompile Include="..\Classes\Controllers\Systems\GameStateController.cpp">
      <Filter>Classes\Controllers\Systems</Filter>
    </ClCompile>
    <ClCompile Include="..\Classes\Controllers\Interact\FarmInteractor.cpp">
      <Filter>Classes\Controllers\Interact</Filter>
    </ClCompile>
    <ClCompile Include="..\Classes\Controllers\Interact\RoomInteractor.cpp">
      <Filter>Classes\Controllers\Interact</Filter>
    </ClCompile>
    <!-- Win32 entry -->
    <ClCompile Include="main.cpp">
      <Filter>proj.win32</Filter>
    </ClCompile>
    <ClCompile Include="..\Classes\Controllers\Systems\FishingController.cpp">
      <Filter>Classes\Controllers\Systems</Filter>
    </ClCompile>
    <ClCompile Include="..\Classes\Controllers\Systems\CropSystem.cpp">
      <Filter>Classes\Controllers\Systems</Filter>
    </ClCompile>
    <ClCompile Include="..\Classes\Game\Crops\crop\CropBase.cpp">
      <Filter>Classes\Game\Crop</Filter>
    </ClCompile>
    <ClCompile Include="..\Classes\Game\Tree.cpp">
      <Filter>Classes\Game</Filter>
    </ClCompile>
    <ClCompile Include="..\Classes\Game\Monster.cpp">
      <Filter>Classes\Game</Filter>
    </ClCompile>
    <ClCompile Include="..\Classes\Controllers\Environment\TreeSystem.cpp">
      <Filter>Classes\Controllers\Environment</Filter>
    </ClCompile>
    <ClCompile Include="..\Classes\Game\View\PlayerView.cpp">
      <Filter>Classes\Game\View</Filter>
    </ClCompile>
    <ClCompile Include="..\Classes\Game\Tool\Axe.cpp">
      <Filter>Classes\Game\Tool</Filter>
    </ClCompile>
    <ClCompile Include="..\Classes\Game\Tool\FishingRod.cpp">
      <Filter>Classes\Game\Tool</Filter>
    </ClCompile>
    <ClCompile Include="..\Classes\Game\Tool\Hoe.cpp">
      <Filter>Classes\Game\Tool</Filter>
    </ClCompile>
    <ClCompile Include="..\Classes\Game\Tool\Pickaxe.cpp">
      <Filter>Classes\Game\Tool</Filter>
    </ClCompile>
    <ClCompile Include="..\Classes\Game\Tool\Sword.cpp">
      <Filter>Classes\Game\Tool</Filter>
    </ClCompile>
    <ClCompile Include="..\Classes\Game\Tool\ToolFactory.cpp">
      <Filter>Classes\Game\Tool</Filter>
    </ClCompile>
    <ClCompile Include="..\Classes\Game\Tool\WaterCan.cpp">
      <Filter>Classes\Game\Tool</Filter>
    </ClCompile>
    <ClCompile Include="..\Classes\Controllers\UI\ChestPanelUI.cpp">
      <Filter>Classes\Controllers\UI</Filter>
    </ClCompile>
    <ClCompile Include="..\Classes\Controllers\UI\CraftPanelUI.cpp">
      <Filter>Classes\Controllers\UI</Filter>
    </ClCompile>
    <ClCompile Include="..\Classes\Controllers\UI\HotbarUI.cpp">
      <Filter>Classes\Controllers\UI</Filter>
    </ClCompile>
    <ClCompile Include="..\Classes\Controllers\UI\HUDUI.cpp">
      <Filter>Classes\Controllers\UI</Filter>
    </ClCompile>
    <ClCompile Include="..\Classes\Controllers\UI\PromptUI.cpp">
      <Filter>Classes\Controllers\UI</Filter>
    </ClCompile>
    <ClCompile Include="..\Classes\Controllers\UI\StorePanelUI.cpp">
      <Filter>Classes\Controllers\UI</Filter>
    </ClCompile>
    <ClCompile Include="..\Classes\Scenes\FarmScene.cpp">
      <Filter>Classes\Scenes</Filter>
    </ClCompile>
    <ClCompile Include="..\Classes\Game\Crops\seed\StrawberrySeed.cpp">
      <Filter>Classes\Game\Seed</Filter>
    </ClCompile>
    <ClCompile Include="..\Classes\Game\Crops\seed\EggplantSeed.cpp">
      <Filter>Classes\Game\Seed</Filter>
    </ClCompile>
    <ClCompile Include="..\Classes\Game\Crops\seed\CornSeed.cpp">
      <Filter>Classes\Game\Seed</Filter>
    </ClCompile>
    <ClCompile Include="..\Classes\Game\Crops\seed\BlueberrySeed.cpp">
      <Filter>Classes\Game\Seed</Filter>
    </ClCompile>
    <ClCompile Include="..\Classes\Game\Crops\seed\ParsnipSeed.cpp">
      <Filter>Classes\Game\Seed</Filter>
    </ClCompile>
    <ClCompile Include="..\Classes\Game\Crops\crop\BlueberryCrop.cpp">
      <Filter>Classes\Game\Crop</Filter>
    </ClCompile>
    <ClCompile Include="..\Classes\Game\Crops\crop\CornCrop.cpp">
      <Filter>Classes\Game\Crop</Filter>
    </ClCompile>
    <ClCompile Include="..\Classes\Game\Crops\crop\EggplantCrop.cpp">
      <Filter>Classes\Game\Crop</Filter>
    </ClCompile>
    <ClCompile Include="..\Classes\Game\Crops\crop\ParsnipCrop.cpp">
      <Filter>Classes\Game\Crop</Filter>
    </ClCompile>
    <ClCompile Include="..\Classes\Game\Crops\crop\StrawberryCrop.cpp">
      <Filter>Classes\Game\Crop</Filter>
    </ClCompile>
    <ClCompile Include="..\Classes\Game\Crops\vegetable\BlueberryVegetable.cpp">
      <Filter>Classes\Game\Vegetable</Filter>
    </ClCompile>
    <ClCompile Include="..\Classes\Game\Crops\vegetable\EggplantVegetable.cpp">
      <Filter>Classes\Game\Vegetable</Filter>
    </ClCompile>
    <ClCompile Include="..\Classes\Game\Crops\vegetable\StrawberryVegetable.cpp">
      <Filter>Classes\Game\Vegetable</Filter>
    </ClCompile>
    <ClCompile Include="..\Classes\Game\Crops\vegetable\CornVegetable.cpp">
      <Filter>Classes\Game\Vegetable</Filter>
    </ClCompile>
    <ClCompile Include="..\Classes\Game\Crops\vegetable\ParsnipVegetable.cpp">
      <Filter>Classes\Game\Vegetable</Filter>
    </ClCompile>
    <ClCompile Include="..\Classes\Game\Map\FarmMap.cpp">
      <Filter>Classes\Game\Map</Filter>
    </ClCompile>
    <ClCompile Include="..\Classes\Game\Map\MapBase.cpp">
      <Filter>Classes\Game\Map</Filter>
    </ClCompile>
    <ClCompile Include="..\Classes\Game\Map\MineMap.cpp">
      <Filter>Classes\Game\Map</Filter>
    </ClCompile>
    <ClCompile Include="..\Classes\Game\Map\RoomMap.cpp">
      <Filter>Classes\Game\Map</Filter>
    </ClCompile>
    <ClCompile Include="..\Classes\Game\Map\BeachMap.cpp">
      <Filter>Classes\Game\Map</Filter>
    </ClCompile>
    <ClCompile Include="..\Classes\Scenes\BeachScene.cpp">
      <Filter>Classes\Scenes</Filter>
    </ClCompile>
    <ClCompile Include="..\Classes\Controllers\Map\BeachMapController.cpp">
      <Filter>Classes\Controllers\Map</Filter>
    </ClCompile>
    <ClCompile Include="..\Classes\Controllers\Interact\BeachInteractor.cpp">
      <Filter>Classes\Controllers\Interact</Filter>
    </ClCompile>
    <ClCompile Include="..\Classes\Scenes\TownScene.cpp">
      <Filter>Classes\Scenes</Filter>
    </ClCompile>
    <ClCompile Include="..\Classes\Game\Map\TownMap.cpp">
      <Filter>Classes\Game\Map</Filter>
    </ClCompile>
    <ClCompile Include="..\Classes\Controllers\Interact\TownInteractor.cpp">
      <Filter>Classes\Controllers\Interact</Filter>
    </ClCompile>
    <ClCompile Include="..\Classes\Controllers\Map\TownMapController.cpp">
      <Filter>Classes\Controllers\Map</Filter>
    </ClCompile>
    <ClCompile Include="..\Classes\Controllers\Systems\AnimalSystem.cpp">
      <Filter>Classes\Game\Animals</Filter>
    </ClCompile>
    <ClCompile Include="..\Classes\Game\Animals\ChickenAnimal.cpp">
      <Filter>Classes\Game\Animals</Filter>
    </ClCompile>
    <ClCompile Include="..\Classes\Game\Animals\CowAnimal.cpp">
      <Filter>Classes\Game\Animals</Filter>
    </ClCompile>
    <ClCompile Include="..\Classes\Game\Animals\SheepAnimal.cpp">
      <Filter>Classes\Game\Animals</Filter>
    </ClCompile>
    <ClCompile Include="..\Classes\Game\SkillTree\SkillTreeBase.cpp">
      <Filter>Classes\Game\SkillTree</Filter>
    </ClCompile>
    <ClCompile Include="..\Classes\Game\SkillTree\FarmingSkillTree.cpp">
      <Filter>Classes\Game\SkillTree</Filter>
    </ClCompile>
    <ClCompile Include="..\Classes\Game\SkillTree\AnimalHusbandrySkillTree.cpp">
      <Filter>Classes\Game\SkillTree</Filter>
    </ClCompile>
    <ClCompile Include="..\Classes\Game\SkillTree\ForestrySkillTree.cpp">
      <Filter>Classes\Game\SkillTree</Filter>
    </ClCompile>
    <ClCompile Include="..\Classes\Game\SkillTree\FishingSkillTree.cpp">
      <Filter>Classes\Game\SkillTree</Filter>
    </ClCompile>
    <ClCompile Include="..\Classes\Game\SkillTree\MiningSkillTree.cpp">
      <Filter>Classes\Game\SkillTree</Filter>
    </ClCompile>
    <ClCompile Include="..\Classes\Game\SkillTree\CombatSkillTree.cpp">
      <Filter>Classes\Game\SkillTree</Filter>
    </ClCompile>
    <ClCompile Include="..\Classes\Game\SkillTree\SkillTreeSystem.cpp">
      <Filter>Classes\Game\SkillTree</Filter>
    </ClCompile>
    <ClCompile Include="..\Classes\Controllers\UI\SkillTreePanelUI.cpp">
      <Filter>Classes\Controllers\UI</Filter>
    </ClCompile>
    <ClCompile Include="..\Classes\Controllers\Managers\AudioManager.cpp">
      <Filter>Classes\Controllers\Audio</Filter>
    </ClCompile>
    <ClCompile Include="..\Classes\Controllers\Store\StoreController.cpp">
      <Filter>Classes\Controllers\Store</Filter>
    </ClCompile>
    <ClCompile Include="..\Classes\Controllers\NPC\AbigailNpcController.cpp">
      <Filter>Classes\Controllers\NPC</Filter>
    </ClCompile>
    <ClCompile Include="..\Classes\Controllers\NPC\NpcControllerBase.cpp">
      <Filter>Classes\Controllers\NPC</Filter>
    </ClCompile>
    <ClCompile Include="..\Classes\Controllers\NPC\NpcDialogueAbigail.cpp">
      <Filter>Classes\Controllers\NPC</Filter>
    </ClCompile>
    <ClCompile Include="..\Classes\Controllers\NPC\NpcDialogueWilly.cpp">
      <Filter>Classes\Controllers\NPC</Filter>
    </ClCompile>
    <ClCompile Include="..\Classes\Controllers\NPC\PierreNpcController.cpp">
      <Filter>Classes\Controllers\NPC</Filter>
    </ClCompile>
    <ClCompile Include="..\Classes\Controllers\NPC\RobinNpcController.cpp">
      <Filter>Classes\Controllers\NPC</Filter>
    </ClCompile>
    <ClCompile Include="..\Classes\Controllers\NPC\WillyNpcController.cpp">
      <Filter>Classes\Controllers\NPC</Filter>
    </ClCompile>
    <ClCompile Include="..\Classes\Game\NPC\AbigailNpc.cpp">
      <Filter>Classes\Game\NPC</Filter>
    </ClCompile>
    <ClCompile Include="..\Classes\Game\NPC\NpcBase.cpp">
      <Filter>Classes\Game\NPC</Filter>
    </ClCompile>
    <ClCompile Include="..\Classes\Game\NPC\PierreNpc.cpp">
      <Filter>Classes\Game\NPC</Filter>
    </ClCompile>
    <ClCompile Include="..\Classes\Game\NPC\RobinNpc.cpp">
      <Filter>Classes\Game\NPC</Filter>
    </ClCompile>
    <ClCompile Include="..\Classes\Game\NPC\WillyNpc.cpp">
      <Filter>Classes\Game\NPC</Filter>
    </ClCompile>
    <ClCompile Include="..\Classes\Controllers\UI\DialogueUI.cpp">
      <Filter>Classes\Game\NPC</Filter>
    </ClCompile>
    <ClCompile Include="..\Classes\Controllers\UI\NpcSocialPanelUI.cpp">
      <Filter>Classes\Controllers\UI</Filter>
    </ClCompile>
    <ClCompile Include="..\Classes\Game\Chest.cpp">
      <Filter>Classes\Game</Filter>
    </ClCompile>
    <ClCompile Include="..\Classes\Controllers\Interact\ChestInteractor.cpp">
      <Filter>Classes\Controllers\Interact</Filter>
    </ClCompile>
    <ClCompile Include="..\Classes\Controllers\Systems\ChestController.cpp">
      <Filter>Classes\Controllers\Systems</Filter>
    </ClCompile>
    <ClCompile Include="..\Classes\Game\Rock.cpp">
      <Filter>Classes\Game</Filter>
    </ClCompile>
    <ClCompile Include="..\Classes\Controllers\Environment\RockSystem.cpp">
      <Filter>Classes\Controllers\Environment</Filter>
    </ClCompile>
    <ClCompile Include="..\Classes\Game\Mineral.cpp">
      <Filter>Classes\Game</Filter>
    </ClCompile>
    <ClCompile Include="..\Classes\Controllers\Environment\MineralSystem.cpp">
      <Filter>Classes\Controllers\Environment</Filter>
    </ClCompile>
    <ClCompile Include="..\Classes\Controllers\Environment\StairSystem.cpp">
      <Filter>Classes\Controllers\Environment</Filter>
    </ClCompile>
    <ClCompile Include="..\Classes\Game\Stair.cpp">
      <Filter>Classes\Game</Filter>
    </ClCompile>
    <ClCompile Include="..\Classes\Game\Drop.cpp">
      <Filter>Classes\Game</Filter>
    </ClCompile>
    <ClCompile Include="..\Classes\Game\Save\SaveSystem.cpp">
      <Filter>Classes\Game\Save</Filter>
    </ClCompile>
    <ClCompile Include="..\Classes\Controllers\Mine\CombatSystem.cpp">
      <Filter>Classes\Controllers\Mine</Filter>
    </ClCompile>
    <ClCompile Include="..\Classes\Controllers\Mine\ElevatorSystem.cpp">
      <Filter>Classes\Controllers\Mine</Filter>
    </ClCompile>
    <ClCompile Include="..\Classes\Controllers\Mine\MonsterSystem.cpp">
      <Filter>Classes\Controllers\Mine</Filter>
    </ClCompile>
    <ClCompile Include="..\Classes\Controllers\Interact\TileSelector.cpp">
      <Filter>Classes\Controllers\Interact</Filter>
    </ClCompile>
    <ClCompile Include="..\Classes\Controllers\Systems\FurnaceController.cpp">
      <Filter>Classes\Controllers\Systems</Filter>
    </ClCompile>
    <ClCompile Include="..\Classes\Controllers\Systems\WeatherController.cpp">
      <Filter>Classes\Controllers\Systems</Filter>
    </ClCompile>
    <ClCompile Include="..\Classes\Game\Furnace.cpp">
      <Filter>Classes\Game</Filter>
    </ClCompile>
    <ClCompile Include="..\Classes\Controllers\Systems\DropSystem.cpp">
      <Filter>Classes\Game</Filter>
    </ClCompile>
    <ClCompile Include="..\Classes\Controllers\Environment\WeedSystem.cpp">
      <Filter>Classes\Controllers\Environment</Filter>
    </ClCompile>
    <ClCompile Include="..\Classes\Game\Tool\Scythe.cpp">
      <Filter>Classes\Game\Tool</Filter>
    </ClCompile>
    <ClCompile Include="..\Classes\Game\Weed.cpp">
      <Filter>Classes\Game</Filter>
    </ClCompile>
    <ClCompile Include="..\Classes\Controllers\Systems\RainLayer.cpp">
      <Filter>Classes\Controllers\Systems</Filter>
    </ClCompile>
  </ItemGroup>
  <ItemGroup>
    <!-- Header Files -->
    <ClInclude Include="..\Classes\AppDelegate.h">
      <Filter>Classes</Filter>
    </ClInclude>
    <ClInclude Include="..\Classes\HelloWorldScene.h">
      <Filter>Classes</Filter>
    </ClInclude>
    <ClInclude Include="..\Classes\Scenes\CustomizationScene.h">
      <Filter>Classes\Scenes</Filter>
    </ClInclude>
    <ClInclude Include="..\Classes\Scenes\SplashScene.h">
      <Filter>Classes\Scenes</Filter>
    </ClInclude>
    <ClInclude Include="..\Classes\Scenes\MainMenuScene.h">
      <Filter>Classes\Scenes</Filter>
    </ClInclude>
    <ClInclude Include="..\Classes\Scenes\FarmScene.h">
      <Filter>Classes\Scenes</Filter>
    </ClInclude>
    <ClInclude Include="..\Classes\Scenes\SceneBase.h">
      <Filter>Classes\Scenes</Filter>
    </ClInclude>
    <ClInclude Include="..\Classes\Scenes\MineScene.h">
      <Filter>Classes\Scenes</Filter>
    </ClInclude>
    <ClInclude Include="..\Classes\Controllers\Map\MineMapController.h">
      <Filter>Classes\Controllers\Map</Filter>
    </ClInclude>
    <ClInclude Include="..\Classes\Scenes\RoomScene.h">
      <Filter>Classes\Scenes</Filter>
    </ClInclude>
    <ClInclude Include="..\Classes\Game\Cheat.h">
      <Filter>Classes\Game</Filter>
    </ClInclude>
    <ClInclude Include="..\Classes\Game\Chest.h">
      <Filter>Classes\Game</Filter>
    </ClInclude>
    <ClInclude Include="..\Classes\Game\GameConfig.h">
      <Filter>Classes\Game</Filter>
    </ClInclude>
    <ClInclude Include="..\Classes\Game\WorldState.h">
      <Filter>Classes\Game</Filter>
    </ClInclude>
    <ClInclude Include="..\Classes\Game\Inventory.h">
      <Filter>Classes\Game</Filter>
    </ClInclude>
    <ClInclude Include="..\Classes\Game\Tile.h">
      <Filter>Classes\Game</Filter>
    </ClInclude>
    <ClInclude Include="..\Classes\Game\Item.h">
      <Filter>Classes\Game</Filter>
    </ClInclude>
    <ClInclude Include="..\Classes\Game\Drop.h">
      <Filter>Classes\Game</Filter>
    </ClInclude>
    <!-- Controllers headers -->
    <ClInclude Include="..\Classes\Controllers\Input\PlayerController.h">
      <Filter>Classes\Controllers\Input</Filter>
    </ClInclude>
    <ClInclude Include="..\Classes\Controllers\Map\FarmMapController.h">
      <Filter>Classes\Controllers\Map</Filter>
    </ClInclude>
    <ClInclude Include="..\Classes\Controllers\Map\RoomMapController.h">
      <Filter>Classes\Controllers\Map</Filter>
    </ClInclude>
    <ClInclude Include="..\Classes\Controllers\UI\UIController.h">
      <Filter>Classes\Controllers\UI</Filter>
    </ClInclude>
    <ClInclude Include="..\Classes\Controllers\Systems\GameStateController.h">
      <Filter>Classes\Controllers\Systems</Filter>
    </ClInclude>
    <ClInclude Include="..\Classes\Controllers\Interact\FarmInteractor.h">
      <Filter>Classes\Controllers\Interact</Filter>
    </ClInclude>
    <ClInclude Include="..\Classes\Controllers\Interact\RoomInteractor.h">
      <Filter>Classes\Controllers\Interact</Filter>
    </ClInclude>
    <!-- Win32 header -->
    <ClInclude Include="main.h">
      <Filter>proj.win32</Filter>
    </ClInclude>
    <ClInclude Include="..\Classes\Controllers\Systems\FishingController.h">
      <Filter>Classes\Controllers\Systems</Filter>
    </ClInclude>
    <ClInclude Include="..\Classes\Controllers\Systems\CropSystem.h">
      <Filter>Classes\Controllers\Systems</Filter>
    </ClInclude>
    <ClInclude Include="..\Classes\Game\Tree.h">
      <Filter>Classes\Game</Filter>
    </ClInclude>
    <ClInclude Include="..\Classes\Game\Monster.h">
      <Filter>Classes\Game</Filter>
    </ClInclude>
    <ClInclude Include="..\Classes\Controllers\Environment\TreeSystem.h">
      <Filter>Classes\Controllers\Environment</Filter>
    </ClInclude>
    <ClInclude Include="..\Classes\Game\View\IPlayerView.h">
      <Filter>Classes\Game\View</Filter>
    </ClInclude>
    <ClInclude Include="..\Classes\Game\View\PlayerView.h">
      <Filter>Classes\Game\View</Filter>
    </ClInclude>
    <ClInclude Include="..\Classes\Controllers\Interact\MineInteractor.h">
      <Filter>Classes\Controllers\Interact</Filter>
    </ClInclude>
    <ClInclude Include="..\Classes\Game\Tool\Axe.h">
      <Filter>Classes\Game\Tool</Filter>
    </ClInclude>
    <ClInclude Include="..\Classes\Game\Tool\FishingRod.h">
      <Filter>Classes\Game\Tool</Filter>
    </ClInclude>
    <ClInclude Include="..\Classes\Game\Tool\Hoe.h">
      <Filter>Classes\Game\Tool</Filter>
    </ClInclude>
    <ClInclude Include="..\Classes\Game\Tool\Pickaxe.h">
      <Filter>Classes\Game\Tool</Filter>
    </ClInclude>
    <ClInclude Include="..\Classes\Game\Tool\Weapon.h">
      <Filter>Classes\Game\Tool</Filter>
    </ClInclude>
    <ClInclude Include="..\Classes\Game\Tool\Sword.h">
      <Filter>Classes\Game\Tool</Filter>
    </ClInclude>
    <ClInclude Include="..\Classes\Game\Tool\ToolBase.h">
      <Filter>Classes\Game\Tool</Filter>
    </ClInclude>
    <ClInclude Include="..\Classes\Game\Tool\ToolFactory.h">
      <Filter>Classes\Game\Tool</Filter>
    </ClInclude>
    <ClInclude Include="..\Classes\Game\Tool\WaterCan.h">
      <Filter>Classes\Game\Tool</Filter>
    </ClInclude>
    <ClInclude Include="..\Classes\Controllers\UI\ChestPanelUI.h">
      <Filter>Classes\Controllers\UI</Filter>
    </ClInclude>
    <ClInclude Include="..\Classes\Controllers\UI\CraftPanelUI.h">
      <Filter>Classes\Controllers\UI</Filter>
    </ClInclude>
    <ClInclude Include="..\Classes\Controllers\UI\HotbarUI.h">
      <Filter>Classes\Controllers\UI</Filter>
    </ClInclude>
    <ClInclude Include="..\Classes\Controllers\UI\HUDUI.h">
      <Filter>Classes\Controllers\UI</Filter>
    </ClInclude>
    <ClInclude Include="..\Classes\Controllers\UI\PromptUI.h">
      <Filter>Classes\Controllers\UI</Filter>
    </ClInclude>
    <ClInclude Include="..\Classes\Controllers\UI\StorePanelUI.h">
      <Filter>Classes\Controllers\UI</Filter>
    </ClInclude>
    <ClInclude Include="..\Classes\Game\Crops\seed\SeedBase.h">
      <Filter>Classes\Game\Seed</Filter>
    </ClInclude>
    <ClInclude Include="..\Classes\Game\Crops\crop\CropBase.h">
      <Filter>Classes\Game\Crop</Filter>
    </ClInclude>
    <ClInclude Include="..\Classes\Game\Crops\vegetable\VegetableBase.h">
      <Filter>Classes\Game\Vegetable</Filter>
    </ClInclude>
    <ClInclude Include="..\Classes\Game\Map\FarmMap.h">
      <Filter>Classes\Game\Map</Filter>
    </ClInclude>
    <ClInclude Include="..\Classes\Game\Map\MapBase.h">
      <Filter>Classes\Game\Map</Filter>
    </ClInclude>
    <ClInclude Include="..\Classes\Game\Map\MineMap.h">
      <Filter>Classes\Game\Map</Filter>
    </ClInclude>
    <ClInclude Include="..\Classes\Game\Map\RoomMap.h">
      <Filter>Classes\Game\Map</Filter>
    </ClInclude>
    <ClInclude Include="..\Classes\Game\Map\BeachMap.h">
      <Filter>Classes\Game\Map</Filter>
    </ClInclude>
    <ClInclude Include="..\Classes\Scenes\BeachScene.h">
      <Filter>Classes\Scenes</Filter>
    </ClInclude>
    <ClInclude Include="..\Classes\Controllers\Map\BeachMapController.h">
      <Filter>Classes\Controllers\Map</Filter>
    </ClInclude>
    <ClInclude Include="..\Classes\Controllers\Interact\BeachInteractor.h">
      <Filter>Classes\Controllers\Interact</Filter>
    </ClInclude>
    <ClInclude Include="..\Classes\Scenes\TownScene.h">
      <Filter>Classes\Scenes</Filter>
    </ClInclude>
    <ClInclude Include="..\Classes\Game\Map\TownMap.h">
      <Filter>Classes\Game\Map</Filter>
    </ClInclude>
    <ClInclude Include="..\Classes\Controllers\Interact\TownInteractor.h">
      <Filter>Classes\Controllers\Interact</Filter>
    </ClInclude>
    <ClInclude Include="..\Classes\Controllers\Map\TownMapController.h">
      <Filter>Classes\Controllers\Map</Filter>
    </ClInclude>
    <ClInclude Include="..\Classes\Game\Animals\AnimalBase.h">
      <Filter>Classes\Game\Animals</Filter>
    </ClInclude>
    <ClInclude Include="..\Classes\Game\SkillTree\SkillTreeBase.h">
      <Filter>Classes\Game\SkillTree</Filter>
    </ClInclude>
    <ClInclude Include="..\Classes\Game\SkillTree\SkillTreeSystem.h">
      <Filter>Classes\Game\SkillTree</Filter>
    </ClInclude>
    <ClInclude Include="..\Classes\Controllers\Systems\AnimalSystem.h">
      <Filter>Classes\Game\Animals</Filter>
    </ClInclude>
    <ClInclude Include="..\Classes\Controllers\UI\SkillTreePanelUI.h">
      <Filter>Classes\Controllers\UI</Filter>
    </ClInclude>
    <ClInclude Include="..\Classes\Controllers\Managers\AudioManager.h">
      <Filter>Classes\Controllers\Audio</Filter>
    </ClInclude>
    <ClInclude Include="..\Classes\Controllers\Store\StoreController.h">
      <Filter>Classes\Controllers\Store</Filter>
    </ClInclude>
    <ClInclude Include="..\Classes\Controllers\NPC\AbigailNpcController.h">
      <Filter>Classes\Controllers\NPC</Filter>
    </ClInclude>
    <ClInclude Include="..\Classes\Controllers\NPC\NpcControllerBase.h">
      <Filter>Classes\Controllers\NPC</Filter>
    </ClInclude>
    <ClInclude Include="..\Classes\Controllers\NPC\WillyNpcController.h">
      <Filter>Classes\Controllers\NPC</Filter>
    </ClInclude>
    <ClInclude Include="..\Classes\Game\NPC\AbigailNpc.h">
      <Filter>Classes\Game\NPC</Filter>
    </ClInclude>
    <ClInclude Include="..\Classes\Game\NPC\NpcBase.h">
      <Filter>Classes\Game\NPC</Filter>
    </ClInclude>
    <ClInclude Include="..\Classes\Game\NPC\WillyNpc.h">
      <Filter>Classes\Game\NPC</Filter>
    </ClInclude>
    <ClInclude Include="..\Classes\Controllers\NPC\NpcDialogueManager.h">
      <Filter>Classes\Controllers\NPC</Filter>
    </ClInclude>
    <ClInclude Include="..\Classes\Controllers\UI\DialogueUI.h">
      <Filter>Classes\Game\NPC</Filter>
    </ClInclude>
    <ClInclude Include="..\Classes\Controllers\UI\NpcSocialPanelUI.h">
      <Filter>Classes\Controllers\UI</Filter>
    </ClInclude>
    <ClInclude Include="..\Classes\Controllers\Interact\ChestInteractor.h">
      <Filter>Classes\Controllers\Interact</Filter>
    </ClInclude>
    <ClInclude Include="..\Classes\Controllers\Systems\ChestController.h">
      <Filter>Classes\Controllers\Systems</Filter>
    </ClInclude>
    <ClInclude Include="..\Classes\Game\Rock.h">
      <Filter>Classes\Game</Filter>
    </ClInclude>
    <ClInclude Include="..\Classes\Controllers\Environment\RockSystem.h">
      <Filter>Classes\Controllers\Environment</Filter>
    </ClInclude>
    <ClInclude Include="..\Classes\Controllers\Environment\EnvironmentObstacleSystemBase.h">
      <Filter>Classes\Controllers\Environment</Filter>
    </ClInclude>
    <ClInclude Include="..\Classes\Game\EnvironmentObstacleBase.h">
      <Filter>Classes\Game</Filter>
    </ClInclude>
    <ClInclude Include="..\Classes\Game\Mineral.h">
      <Filter>Classes\Game</Filter>
    </ClInclude>
    <ClInclude Include="..\Classes\Controllers\Environment\MineralSystem.h">
      <Filter>Classes\Controllers\Environment</Filter>
    </ClInclude>
    <ClInclude Include="..\Classes\Controllers\Environment\StairSystem.h">
      <Filter>Classes\Controllers\Environment</Filter>
    </ClInclude>
    <ClInclude Include="..\Classes\Game\Stair.h">
      <Filter>Classes\Game</Filter>
    </ClInclude>
    <ClInclude Include="..\Classes\Game\Save\SaveDetail.h">
      <Filter>Classes\Game\Save</Filter>
    </ClInclude>
    <ClInclude Include="..\Classes\Game\Save\SaveSystem.h">
      <Filter>Classes\Game\Save</Filter>
    </ClInclude>
    <ClInclude Include="..\Classes\Controllers\Mine\CombatSystem.h">
      <Filter>Classes\Controllers\Mine</Filter>
    </ClInclude>
    <ClInclude Include="..\Classes\Controllers\Mine\ElevatorSystem.h">
      <Filter>Classes\Controllers\Mine</Filter>
    </ClInclude>
    <ClInclude Include="..\Classes\Controllers\Mine\MonsterSystem.h">
      <Filter>Classes\Controllers\Mine</Filter>
    </ClInclude>
    <ClInclude Include="..\Classes\Controllers\Interact\TileSelector.h">
      <Filter>Classes\Controllers\Interact</Filter>
    </ClInclude>
    <ClInclude Include="..\Classes\Controllers\Systems\FurnaceController.h">
      <Filter>Classes\Controllers\Systems</Filter>
    </ClInclude>
    <ClInclude Include="..\Classes\Controllers\Systems\WeatherController.h">
      <Filter>Classes\Controllers\Systems</Filter>
    </ClInclude>
    <ClInclude Include="..\Classes\Controllers\Systems\PlaceableItemSystemBase.h">
      <Filter>Classes\Controllers\Systems</Filter>
    </ClInclude>
    <ClInclude Include="..\Classes\Game\Furnace.h">
      <Filter>Classes\Game</Filter>
    </ClInclude>
    <ClInclude Include="..\Classes\Game\PlaceableItemBase.h">
      <Filter>Classes\Game</Filter>
    </ClInclude>
    <ClInclude Include="..\Classes\Controllers\Interact\PlacementInteractor.h">
      <Filter>Classes\Controllers\Interact</Filter>
    </ClInclude>
    <ClInclude Include="..\Classes\Game\Weed.h">
      <Filter>Classes\Game</Filter>
    </ClInclude>
    <ClInclude Include="..\Classes\Game\Tool\Scythe.h">
      <Filter>Classes\Game\Tool</Filter>
    </ClInclude>
    <ClInclude Include="..\Classes\Controllers\Systems\DropSystem.h">
      <Filter>Classes\Controllers\Systems</Filter>
    </ClInclude>
    <ClInclude Include="..\Classes\Controllers\Environment\WeedSystem.h">
      <Filter>Classes\Controllers\Environment</Filter>
    </ClInclude>
    <ClInclude Include="..\Classes\Controllers\Map\IMapController.h">
      <Filter>Classes\Controllers\Map</Filter>
    </ClInclude>
    <ClInclude Include="..\Classes\Controllers\Systems\RainLayer.h">
      <Filter>Classes\Controllers\Systems</Filter>
    </ClInclude>
  </ItemGroup>
  <ItemGroup>
    <ResourceCompile Include="game.rc">
      <Filter>Resource Files</Filter>
    </ResourceCompile>
  </ItemGroup>
</Project>